#MicroXplorer Configuration settings - do not modify
Mcu.Family=STM32F1
ProjectManager.MainLocation=Core/Src
FREERTOS.Queues01=motionToMovement,3,uint16_t,0,Dynamic,NULL,NULL;movementToleds,16,uint16_t,0,Dynamic,NULL,NULL
ProjectManager.ProjectFileName=ProjectCode.ioc
TIM2.Channel-PWM\ Generation4\ CH4=TIM_CHANNEL_4
FREERTOS.Tasks01=detectMotion,40,128,StartdetectMotion,Default,NULL,Dynamic,NULL,NULL;RobotMovement,39,128,StartRobotMovement,Default,NULL,Dynamic,NULL,NULL;LedsandBuzzer,38,128,StartLedsandBuzzer,Default,NULL,Dynamic,NULL,NULL
ProjectManager.KeepUserCode=true
Mcu.UserName=STM32F103RBTx
Mcu.PinsNb=14
ProjectManager.NoMain=false
NVIC.SavedSvcallIrqHandlerGenerated=true
RCC.PLLCLKFreq_Value=8000000
ProjectManager.functionlistsort=1-MX_GPIO_Init-GPIO-false-HAL-true,2-SystemClock_Config-RCC-false-HAL-false,3-MX_TIM2_Init-TIM2-false-HAL-true,4-MX_TIM3_Init-TIM3-false-HAL-true
ProjectManager.DefaultFWLocation=true
NVIC.TIM1_UP_IRQn=true\:0\:0\:false\:false\:true\:false\:false\:true
ProjectManager.DeletePrevious=true
TIM2.Channel-PWM\ Generation2\ CH2=TIM_CHANNEL_2
SH.S_TIM3_CH3.0=TIM3_CH3,PWM Generation3 CH3
SH.S_TIM2_CH1_ETR.ConfNb=1
PinOutPanel.RotationAngle=0
TIM3.Channel-PWM\ Generation4\ CH4=TIM_CHANNEL_4
RCC.FamilyName=M
ProjectManager.StackSize=0x400
PA0-WKUP.Signal=S_TIM2_CH1_ETR
TIM2.Pulse-PWM\ Generation1\ CH1=40
VP_FREERTOS_VS_CMSIS_V2.Mode=CMSIS_V2
PA13.Signal=SYS_JTMS-SWDIO
Mcu.IP4=TIM2
TIM3.Channel-PWM\ Generation3\ CH3=TIM_CHANNEL_3
Mcu.IP5=TIM3
NVIC.SVCall_IRQn=true\:0\:0\:false\:false\:false\:false\:false\:false
Mcu.IP2=RCC
Mcu.IP3=SYS
SH.S_TIM2_CH2.0=TIM2_CH2,PWM Generation2 CH2
Mcu.IP0=FREERTOS
Mcu.IP1=NVIC
TIM3.Pulse-PWM\ Generation1\ CH1=40
Mcu.UserConstants=
SH.S_TIM3_CH2.ConfNb=1
ProjectManager.TargetToolchain=STM32CubeIDE
TIM2.Pulse-PWM\ Generation3\ CH3=40
SH.S_TIM3_CH3.ConfNb=1
Mcu.ThirdPartyNb=0
Mcu.IPNb=6
TIM2.IPParameters=Prescaler,Period,Channel-PWM Generation1 CH1,Channel-PWM Generation2 CH2,Channel-PWM Generation3 CH3,Channel-PWM Generation4 CH4,Pulse-PWM Generation1 CH1,Pulse-PWM Generation2 CH2,Pulse-PWM Generation3 CH3,Pulse-PWM Generation4 CH4
ProjectManager.PreviousToolchain=
TIM3.Period=100
SH.S_TIM2_CH2.ConfNb=1
Mcu.Pin6=PB0
Mcu.Pin7=PB1
VP_TIM2_VS_ClockSourceINT.Signal=TIM2_VS_ClockSourceINT
ProjectManager.RegisterCallBack=
Mcu.Pin8=PA13
Mcu.Pin9=PA14
VP_TIM3_VS_ClockSourceINT.Signal=TIM3_VS_ClockSourceINT
FREERTOS.IPParameters=Tasks01,FootprintOK,Queues01
PA1.Signal=S_TIM2_CH2
Mcu.Pin0=PA0-WKUP
Mcu.Pin1=PA1
TIM3.Channel-PWM\ Generation1\ CH1=TIM_CHANNEL_1
Mcu.Pin2=PA2
Mcu.Pin3=PA3
Mcu.Pin4=PA6
Mcu.Pin5=PA7
TIM3.Pulse-PWM\ Generation3\ CH3=40
ProjectManager.ProjectBuild=false
SH.S_TIM3_CH2.0=TIM3_CH2,PWM Generation2 CH2
NVIC.UsageFault_IRQn=true\:0\:0\:false\:false\:true\:false\:false\:false
NVIC.DebugMonitor_IRQn=true\:0\:0\:false\:false\:true\:false\:false\:false
board=custom
NVIC.SysTick_IRQn=true\:15\:0\:false\:false\:false\:true\:false\:true
ProjectManager.LastFirmware=true
ProjectManager.FirmwarePackage=STM32Cube FW_F1 V1.8.3
MxDb.Version=DB.6.0.20
NVIC.SavedSystickIrqHandlerGenerated=true
RCC.APB2Freq_Value=8000000
ProjectManager.BackupPrevious=false
MxCube.Version=6.2.0
VP_TIM2_VS_ClockSourceINT.Mode=Internal
SH.S_TIM2_CH3.0=TIM2_CH3,PWM Generation3 CH3
VP_SYS_VS_tim1.Signal=SYS_VS_tim1
PA14.Mode=Serial_Wire
VP_SYS_VS_tim1.Mode=TIM1
TIM3.Prescaler=79
File.Version=6
TIM2.Channel-PWM\ Generation3\ CH3=TIM_CHANNEL_3
TIM3.IPParameters=Prescaler,Period,Channel-PWM Generation1 CH1,Channel-PWM Generation2 CH2,Channel-PWM Generation3 CH3,Channel-PWM Generation4 CH4,Pulse-PWM Generation1 CH1,Pulse-PWM Generation2 CH2,Pulse-PWM Generation3 CH3,Pulse-PWM Generation4 CH4
NVIC.NonMaskableInt_IRQn=true\:0\:0\:false\:false\:true\:false\:false\:false
TIM2.Channel-PWM\ Generation1\ CH1=TIM_CHANNEL_1
SH.S_TIM2_CH3.ConfNb=1
NVIC.PendSV_IRQn=true\:15\:0\:false\:false\:false\:true\:false\:false
SH.S_TIM3_CH1.0=TIM3_CH1,PWM Generation1 CH1
TIM2.Period=100
PA13.Mode=Serial_Wire
ProjectManager.FreePins=false
RCC.IPParameters=APB1Freq_Value,APB2Freq_Value,FamilyName,PLLCLKFreq_Value,PLLMCOFreq_Value,TimSysFreq_Value
ProjectManager.AskForMigrate=true
Mcu.Name=STM32F103R(8-B)Tx
ProjectManager.HalAssertFull=false
NVIC.SavedPendsvIrqHandlerGenerated=true
PA2.Signal=S_TIM2_CH3
ProjectManager.ProjectName=ProjectCode
ProjectManager.UnderRoot=true
VP_FREERTOS_VS_CMSIS_V2.Signal=FREERTOS_VS_CMSIS_V2
RCC.PLLMCOFreq_Value=4000000
ProjectManager.CoupleFile=false
Mcu.Package=LQFP64
TIM2.Prescaler=79
PB1.Signal=S_TIM3_CH4
PA6.Signal=S_TIM3_CH1
RCC.TimSysFreq_Value=8000000
NVIC.TimeBase=TIM1_UP_IRQn
NVIC.ForceEnableDMAVector=true
KeepUserPlacement=false
NVIC.MemoryManagement_IRQn=true\:0\:0\:false\:false\:true\:false\:false\:false
ProjectManager.CompilerOptimize=6
ProjectManager.ToolChainLocation=
SH.S_TIM2_CH1_ETR.0=TIM2_CH1,PWM Generation1 CH1
NVIC.TimeBaseIP=TIM1
PA14.Signal=SYS_JTCK-SWCLK
FREERTOS.FootprintOK=true
ProjectManager.HeapSize=0x200
NVIC.HardFault_IRQn=true\:0\:0\:false\:false\:true\:false\:false\:false
SH.S_TIM2_CH4.0=TIM2_CH4,PWM Generation4 CH4
Mcu.Pin13=VP_TIM3_VS_ClockSourceINT
TIM2.Pulse-PWM\ Generation2\ CH2=40
SH.S_TIM3_CH1.ConfNb=1
ProjectManager.ComputerToolchain=false
SH.S_TIM3_CH4.ConfNb=1
NVIC.PriorityGroup=NVIC_PRIORITYGROUP_4
Mcu.Pin11=VP_SYS_VS_tim1
TIM3.Channel-PWM\ Generation2\ CH2=TIM_CHANNEL_2
Mcu.Pin12=VP_TIM2_VS_ClockSourceINT
Mcu.Pin10=VP_FREERTOS_VS_CMSIS_V2
NVIC.BusFault_IRQn=true\:0\:0\:false\:false\:true\:false\:false\:false
TIM2.Pulse-PWM\ Generation4\ CH4=40
TIM3.Pulse-PWM\ Generation2\ CH2=40
SH.S_TIM2_CH4.ConfNb=1
RCC.APB1Freq_Value=8000000
PB0.Signal=S_TIM3_CH3
TIM3.Pulse-PWM\ Generation4\ CH4=40
ProjectManager.CustomerFirmwarePackage=
VP_TIM3_VS_ClockSourceINT.Mode=Internal
ProjectManager.DeviceId=STM32F103RBTx
ProjectManager.LibraryCopy=1
SH.S_TIM3_CH4.0=TIM3_CH4,PWM Generation4 CH4
PA3.Signal=S_TIM2_CH4
PA7.Signal=S_TIM3_CH2
isbadioc=false
